
Microsoft Visual Studio Solution File, Format Version 12.00
# Visual Studio 15
VisualStudioVersion = 15.0.28307.1082
MinimumVisualStudioVersion = 10.0.40219.1
Project("{FAE04EC0-301F-11D3-BF4B-00C04F79EFBC}") = "BfButton.Android", "BfButton\BfButton.Android\BfButton.Android.csproj", "{CC94D533-164B-4B21-A813-65B1C000EC5B}"
EndProject
Project("{FAE04EC0-301F-11D3-BF4B-00C04F79EFBC}") = "BfButton.iOS", "BfButton\BfButton.iOS\BfButton.iOS.csproj", "{0FC23900-5B79-4721-86E2-DDB93AC58415}"
EndProject
Project("{FAE04EC0-301F-11D3-BF4B-00C04F79EFBC}") = "BfButton", "BfButton\BfButton\BfButton.csproj", "{17AE15AB-33ED-4623-9113-8F1B6474A0C7}"
EndProject
Global
	GlobalSection(SolutionConfigurationPlatforms) = preSolution
		Ad-Hoc|Any CPU = Ad-Hoc|Any CPU
		Ad-Hoc|iPhone = Ad-Hoc|iPhone
		Ad-Hoc|iPhoneSimulator = Ad-Hoc|iPhoneSimulator
		AppStore|Any CPU = AppStore|Any CPU
		AppStore|iPhone = AppStore|iPhone
		AppStore|iPhoneSimulator = AppStore|iPhoneSimulator
		Debug|Any CPU = Debug|Any CPU
		Debug|iPhone = Debug|iPhone
		Debug|iPhoneSimulator = Debug|iPhoneSimulator
		Release|Any CPU = Release|Any CPU
		Release|iPhone = Release|iPhone
		Release|iPhoneSimulator = Release|iPhoneSimulator
	EndGlobalSection
	GlobalSection(ProjectConfigurationPlatforms) = postSolution
		{CC94D533-164B-4B21-A813-65B1C000EC5B}.Ad-Hoc|Any CPU.ActiveCfg = Release|Any CPU
		{CC94D533-164B-4B21-A813-65B1C000EC5B}.Ad-Hoc|Any CPU.Build.0 = Release|Any CPU
		{CC94D533-164B-4B21-A813-65B1C000EC5B}.Ad-Hoc|Any CPU.Deploy.0 = Release|Any CPU
		{CC94D533-164B-4B21-A813-65B1C000EC5B}.Ad-Hoc|iPhone.ActiveCfg = Release|Any CPU
		{CC94D533-164B-4B21-A813-65B1C000EC5B}.Ad-Hoc|iPhone.Build.0 = Release|Any CPU
		{CC94D533-164B-4B21-A813-65B1C000EC5B}.Ad-Hoc|iPhone.Deploy.0 = Release|Any CPU
		{CC94D533-164B-4B21-A813-65B1C000EC5B}.Ad-Hoc|iPhoneSimulator.ActiveCfg = Release|Any CPU
		{CC94D533-164B-4B21-A813-65B1C000EC5B}.Ad-Hoc|iPhoneSimulator.Build.0 = Release|Any CPU
		{CC94D533-164B-4B21-A813-65B1C000EC5B}.Ad-Hoc|iPhoneSimulator.Deploy.0 = Release|Any CPU
		{CC94D533-164B-4B21-A813-65B1C000EC5B}.AppStore|Any CPU.ActiveCfg = Release|Any CPU
		{CC94D533-164B-4B21-A813-65B1C000EC5B}.AppStore|Any CPU.Build.0 = Release|Any CPU
		{CC94D533-164B-4B21-A813-65B1C000EC5B}.AppStore|Any CPU.Deploy.0 = Release|Any CPU
		{CC94D533-164B-4B21-A813-65B1C000EC5B}.AppStore|iPhone.ActiveCfg = Release|Any CPU
		{CC94D533-164B-4B21-A813-65B1C000EC5B}.AppStore|iPhone.Build.0 = Release|Any CPU
		{CC94D533-164B-4B21-A813-65B1C000EC5B}.AppStore|iPhone.Deploy.0 = Release|Any CPU
		{CC94D533-164B-4B21-A813-65B1C000EC5B}.AppStore|iPhoneSimulator.ActiveCfg = Release|Any CPU
		{CC94D533-164B-4B21-A813-65B1C000EC5B}.AppStore|iPhoneSimulator.Build.0 = Release|Any CPU
		{CC94D533-164B-4B21-A813-65B1C000EC5B}.AppStore|iPhoneSimulator.Deploy.0 = Release|Any CPU
		{CC94D533-164B-4B21-A813-65B1C000EC5B}.Debug|Any CPU.ActiveCfg = Debug|Any CPU
		{CC94D533-164B-4B21-A813-65B1C000EC5B}.Debug|Any CPU.Build.0 = Debug|Any CPU
		{CC94D533-164B-4B21-A813-65B1C000EC5B}.Debug|Any CPU.Deploy.0 = Debug|Any CPU
		{CC94D533-164B-4B21-A813-65B1C000EC5B}.Debug|iPhone.ActiveCfg = Debug|Any CPU
		{CC94D533-164B-4B21-A813-65B1C000EC5B}.Debug|iPhone.Build.0 = Debug|Any CPU
		{CC94D533-164B-4B21-A813-65B1C000EC5B}.Debug|iPhone.Deploy.0 = Debug|Any CPU
		{CC94D533-164B-4B21-A813-65B1C000EC5B}.Debug|iPhoneSimulator.ActiveCfg = Debug|Any CPU
		{CC94D533-164B-4B21-A813-65B1C000EC5B}.Debug|iPhoneSimulator.Build.0 = Debug|Any CPU
		{CC94D533-164B-4B21-A813-65B1C000EC5B}.Debug|iPhoneSimulator.Deploy.0 = Debug|Any CPU
		{CC94D533-164B-4B21-A813-65B1C000EC5B}.Release|Any CPU.ActiveCfg = Release|Any CPU
		{CC94D533-164B-4B21-A813-65B1C000EC5B}.Release|Any CPU.Build.0 = Release|Any CPU
		{CC94D533-164B-4B21-A813-65B1C000EC5B}.Release|Any CPU.Deploy.0 = Release|Any CPU
		{CC94D533-164B-4B21-A813-65B1C000EC5B}.Release|iPhone.ActiveCfg = Release|Any CPU
		{CC94D533-164B-4B21-A813-65B1C000EC5B}.Release|iPhone.Build.0 = Release|Any CPU
		{CC94D533-164B-4B21-A813-65B1C000EC5B}.Release|iPhone.Deploy.0 = Release|Any CPU
		{CC94D533-164B-4B21-A813-65B1C000EC5B}.Release|iPhoneSimulator.ActiveCfg = Release|Any CPU
		{CC94D533-164B-4B21-A813-65B1C000EC5B}.Release|iPhoneSimulator.Build.0 = Release|Any CPU
		{CC94D533-164B-4B21-A813-65B1C000EC5B}.Release|iPhoneSimulator.Deploy.0 = Release|Any CPU
		{0FC23900-5B79-4721-86E2-DDB93AC58415}.Ad-Hoc|Any CPU.ActiveCfg = Ad-Hoc|iPhone
		{0FC23900-5B79-4721-86E2-DDB93AC58415}.Ad-Hoc|Any CPU.Build.0 = Ad-Hoc|iPhone
		{0FC23900-5B79-4721-86E2-DDB93AC58415}.Ad-Hoc|Any CPU.Deploy.0 = Ad-Hoc|iPhone
		{0FC23900-5B79-4721-86E2-DDB93AC58415}.Ad-Hoc|iPhone.ActiveCfg = Ad-Hoc|iPhone
		{0FC23900-5B79-4721-86E2-DDB93AC58415}.Ad-Hoc|iPhone.Build.0 = Ad-Hoc|iPhone
		{0FC23900-5B79-4721-86E2-DDB93AC58415}.Ad-Hoc|iPhone.Deploy.0 = Ad-Hoc|iPhone
		{0FC23900-5B79-4721-86E2-DDB93AC58415}.Ad-Hoc|iPhoneSimulator.ActiveCfg = Ad-Hoc|iPhoneSimulator
		{0FC23900-5B79-4721-86E2-DDB93AC58415}.Ad-Hoc|iPhoneSimulator.Build.0 = Ad-Hoc|iPhoneSimulator
		{0FC23900-5B79-4721-86E2-DDB93AC58415}.Ad-Hoc|iPhoneSimulator.Deploy.0 = Ad-Hoc|iPhoneSimulator
		{0FC23900-5B79-4721-86E2-DDB93AC58415}.AppStore|Any CPU.ActiveCfg = AppStore|iPhone
		{0FC23900-5B79-4721-86E2-DDB93AC58415}.AppStore|Any CPU.Build.0 = AppStore|iPhone
		{0FC23900-5B79-4721-86E2-DDB93AC58415}.AppStore|Any CPU.Deploy.0 = AppStore|iPhone
		{0FC23900-5B79-4721-86E2-DDB93AC58415}.AppStore|iPhone.ActiveCfg = AppStore|iPhone
		{0FC23900-5B79-4721-86E2-DDB93AC58415}.AppStore|iPhone.Build.0 = AppStore|iPhone
		{0FC23900-5B79-4721-86E2-DDB93AC58415}.AppStore|iPhone.Deploy.0 = AppStore|iPhone
		{0FC23900-5B79-4721-86E2-DDB93AC58415}.AppStore|iPhoneSimulator.ActiveCfg = AppStore|iPhoneSimulator
		{0FC23900-5B79-4721-86E2-DDB93AC58415}.AppStore|iPhoneSimulator.Build.0 = AppStore|iPhoneSimulator
		{0FC23900-5B79-4721-86E2-DDB93AC58415}.AppStore|iPhoneSimulator.Deploy.0 = AppStore|iPhoneSimulator
		{0FC23900-5B79-4721-86E2-DDB93AC58415}.Debug|Any CPU.ActiveCfg = Debug|iPhoneSimulator
		{0FC23900-5B79-4721-86E2-DDB93AC58415}.Debug|Any CPU.Build.0 = Debug|iPhoneSimulator
		{0FC23900-5B79-4721-86E2-DDB93AC58415}.Debug|Any CPU.Deploy.0 = Debug|iPhoneSimulator
		{0FC23900-5B79-4721-86E2-DDB93AC58415}.Debug|iPhone.ActiveCfg = Debug|iPhone
		{0FC23900-5B79-4721-86E2-DDB93AC58415}.Debug|iPhone.Build.0 = Debug|iPhone
		{0FC23900-5B79-4721-86E2-DDB93AC58415}.Debug|iPhone.Deploy.0 = Debug|iPhone
		{0FC23900-5B79-4721-86E2-DDB93AC58415}.Debug|iPhoneSimulator.ActiveCfg = Debug|iPhoneSimulator
		{0FC23900-5B79-4721-86E2-DDB93AC58415}.Debug|iPhoneSimulator.Build.0 = Debug|iPhoneSimulator
		{0FC23900-5B79-4721-86E2-DDB93AC58415}.Debug|iPhoneSimulator.Deploy.0 = Debug|iPhoneSimulator
		{0FC23900-5B79-4721-86E2-DDB93AC58415}.Release|Any CPU.ActiveCfg = Release|iPhone
		{0FC23900-5B79-4721-86E2-DDB93AC58415}.Release|Any CPU.Build.0 = Release|iPhone
		{0FC23900-5B79-4721-86E2-DDB93AC58415}.Release|Any CPU.Deploy.0 = Release|iPhone
		{0FC23900-5B79-4721-86E2-DDB93AC58415}.Release|iPhone.ActiveCfg = Release|iPhone
		{0FC23900-5B79-4721-86E2-DDB93AC58415}.Release|iPhone.Build.0 = Release|iPhone
		{0FC23900-5B79-4721-86E2-DDB93AC58415}.Release|iPhone.Deploy.0 = Release|iPhone
		{0FC23900-5B79-4721-86E2-DDB93AC58415}.Release|iPhoneSimulator.ActiveCfg = Release|iPhoneSimulator
		{0FC23900-5B79-4721-86E2-DDB93AC58415}.Release|iPhoneSimulator.Build.0 = Release|iPhoneSimulator
		{0FC23900-5B79-4721-86E2-DDB93AC58415}.Release|iPhoneSimulator.Deploy.0 = Release|iPhoneSimulator
		{17AE15AB-33ED-4623-9113-8F1B6474A0C7}.Ad-Hoc|Any CPU.ActiveCfg = Debug|Any CPU
		{17AE15AB-33ED-4623-9113-8F1B6474A0C7}.Ad-Hoc|Any CPU.Build.0 = Debug|Any CPU
		{17AE15AB-33ED-4623-9113-8F1B6474A0C7}.Ad-Hoc|Any CPU.Deploy.0 = Debug|Any CPU
		{17AE15AB-33ED-4623-9113-8F1B6474A0C7}.Ad-Hoc|iPhone.ActiveCfg = Debug|Any CPU
		{17AE15AB-33ED-4623-9113-8F1B6474A0C7}.Ad-Hoc|iPhone.Build.0 = Debug|Any CPU
		{17AE15AB-33ED-4623-9113-8F1B6474A0C7}.Ad-Hoc|iPhone.Deploy.0 = Debug|Any CPU
		{17AE15AB-33ED-4623-9113-8F1B6474A0C7}.Ad-Hoc|iPhoneSimulator.ActiveCfg = Debug|Any CPU
		{17AE15AB-33ED-4623-9113-8F1B6474A0C7}.Ad-Hoc|iPhoneSimulator.Build.0 = Debug|Any CPU
		{17AE15AB-33ED-4623-9113-8F1B6474A0C7}.Ad-Hoc|iPhoneSimulator.Deploy.0 = Debug|Any CPU
		{17AE15AB-33ED-4623-9113-8F1B6474A0C7}.AppStore|Any CPU.ActiveCfg = Debug|Any CPU
		{17AE15AB-33ED-4623-9113-8F1B6474A0C7}.AppStore|Any CPU.Build.0 = Debug|Any CPU
		{17AE15AB-33ED-4623-9113-8F1B6474A0C7}.AppStore|Any CPU.Deploy.0 = Debug|Any CPU
		{17AE15AB-33ED-4623-9113-8F1B6474A0C7}.AppStore|iPhone.ActiveCfg = Debug|Any CPU
		{17AE15AB-33ED-4623-9113-8F1B6474A0C7}.AppStore|iPhone.Build.0 = Debug|Any CPU
		{17AE15AB-33ED-4623-9113-8F1B6474A0C7}.AppStore|iPhone.Deploy.0 = Debug|Any CPU
		{17AE15AB-33ED-4623-9113-8F1B6474A0C7}.AppStore|iPhoneSimulator.ActiveCfg = Debug|Any CPU
		{17AE15AB-33ED-4623-9113-8F1B6474A0C7}.AppStore|iPhoneSimulator.Build.0 = Debug|Any CPU
		{17AE15AB-33ED-4623-9113-8F1B6474A0C7}.AppStore|iPhoneSimulator.Deploy.0 = Debug|Any CPU
		{17AE15AB-33ED-4623-9113-8F1B6474A0C7}.Debug|Any CPU.ActiveCfg = Debug|Any CPU
		{17AE15AB-33ED-4623-9113-8F1B6474A0C7}.Debug|Any CPU.Build.0 = Debug|Any CPU
		{17AE15AB-33ED-4623-9113-8F1B6474A0C7}.Debug|Any CPU.Deploy.0 = Debug|Any CPU
		{17AE15AB-33ED-4623-9113-8F1B6474A0C7}.Debug|iPhone.ActiveCfg = Debug|Any CPU
		{17AE15AB-33ED-4623-9113-8F1B6474A0C7}.Debug|iPhone.Build.0 = Debug|Any CPU
		{17AE15AB-33ED-4623-9113-8F1B6474A0C7}.Debug|iPhone.Deploy.0 = Debug|Any CPU
		{17AE15AB-33ED-4623-9113-8F1B6474A0C7}.Debug|iPhoneSimulator.ActiveCfg = Debug|Any CPU
		{17AE15AB-33ED-4623-9113-8F1B6474A0C7}.Debug|iPhoneSimulator.Build.0 = Debug|Any CPU
		{17AE15AB-33ED-4623-9113-8F1B6474A0C7}.Debug|iPhoneSimulator.Deploy.0 = Debug|Any CPU
		{17AE15AB-33ED-4623-9113-8F1B6474A0C7}.Release|Any CPU.ActiveCfg = Release|Any CPU
		{17AE15AB-33ED-4623-9113-8F1B6474A0C7}.Release|Any CPU.Build.0 = Release|Any CPU
		{17AE15AB-33ED-4623-9113-8F1B6474A0C7}.Release|Any CPU.Deploy.0 = Release|Any CPU
		{17AE15AB-33ED-4623-9113-8F1B6474A0C7}.Release|iPhone.ActiveCfg = Release|Any CPU
		{17AE15AB-33ED-4623-9113-8F1B6474A0C7}.Release|iPhone.Build.0 = Release|Any CPU
		{17AE15AB-33ED-4623-9113-8F1B6474A0C7}.Release|iPhone.Deploy.0 = Release|Any CPU
		{17AE15AB-33ED-4623-9113-8F1B6474A0C7}.Release|iPhoneSimulator.ActiveCfg = Release|Any CPU
		{17AE15AB-33ED-4623-9113-8F1B6474A0C7}.Release|iPhoneSimulator.Build.0 = Release|Any CPU
		{17AE15AB-33ED-4623-9113-8F1B6474A0C7}.Release|iPhoneSimulator.Deploy.0 = Release|Any CPU
	EndGlobalSection
	GlobalSection(SolutionProperties) = preSolution
		HideSolutionNode = FALSE
	EndGlobalSection
	GlobalSection(ExtensibilityGlobals) = postSolution
		SolutionGuid = {F1D51D39-0582-4063-9B37-7BA163A25BA2}
	EndGlobalSection
EndGlobal
